
Microsoft Visual Studio Solution File, Format Version 12.00
# Visual Studio 15
VisualStudioVersion = 15.0.28010.2003
MinimumVisualStudioVersion = 10.0.40219.1
Project("{FAE04EC0-301F-11D3-BF4B-00C04F79EFBC}") = "MVCDemo", "MVCDemo\MVCDemo.csproj", "{8A581AC0-D1B6-49DC-91E5-C725F6ACB71F}"
EndProject
Project("{FAE04EC0-301F-11D3-BF4B-00C04F79EFBC}") = "DynamicDemo", "DynamicDemo\DynamicDemo.csproj", "{59CEC818-E9BA-4497-B635-B3C8D2D79AFA}"
EndProject
Project("{FAE04EC0-301F-11D3-BF4B-00C04F79EFBC}") = "AnonymousDemo", "AnonymousDemo\AnonymousDemo.csproj", "{2F9AC02E-C82F-47BE-A498-D3972A7B54B0}"
EndProject
Project("{FAE04EC0-301F-11D3-BF4B-00C04F79EFBC}") = "DataAccessDemo", "DataAccessDemo\DataAccessDemo.csproj", "{9A3CCC67-1438-4DBE-AAF8-3408F2FD6E98}"
EndProject
Project("{FAE04EC0-301F-11D3-BF4B-00C04F79EFBC}") = "LINQDemo", "LINQDemo\LINQDemo.csproj", "{8E842B83-548A-46FE-8763-7FCB73DFA203}"
EndProject
Global
	GlobalSection(SolutionConfigurationPlatforms) = preSolution
		Debug|Any CPU = Debug|Any CPU
		Release|Any CPU = Release|Any CPU
	EndGlobalSection
	GlobalSection(ProjectConfigurationPlatforms) = postSolution
		{8A581AC0-D1B6-49DC-91E5-C725F6ACB71F}.Debug|Any CPU.ActiveCfg = Debug|Any CPU
		{8A581AC0-D1B6-49DC-91E5-C725F6ACB71F}.Debug|Any CPU.Build.0 = Debug|Any CPU
		{8A581AC0-D1B6-49DC-91E5-C725F6ACB71F}.Release|Any CPU.ActiveCfg = Release|Any CPU
		{8A581AC0-D1B6-49DC-91E5-C725F6ACB71F}.Release|Any CPU.Build.0 = Release|Any CPU
		{59CEC818-E9BA-4497-B635-B3C8D2D79AFA}.Debug|Any CPU.ActiveCfg = Debug|Any CPU
		{59CEC818-E9BA-4497-B635-B3C8D2D79AFA}.Debug|Any CPU.Build.0 = Debug|Any CPU
		{59CEC818-E9BA-4497-B635-B3C8D2D79AFA}.Release|Any CPU.ActiveCfg = Release|Any CPU
		{59CEC818-E9BA-4497-B635-B3C8D2D79AFA}.Release|Any CPU.Build.0 = Release|Any CPU
		{2F9AC02E-C82F-47BE-A498-D3972A7B54B0}.Debug|Any CPU.ActiveCfg = Debug|Any CPU
		{2F9AC02E-C82F-47BE-A498-D3972A7B54B0}.Debug|Any CPU.Build.0 = Debug|Any CPU
		{2F9AC02E-C82F-47BE-A498-D3972A7B54B0}.Release|Any CPU.ActiveCfg = Release|Any CPU
		{2F9AC02E-C82F-47BE-A498-D3972A7B54B0}.Release|Any CPU.Build.0 = Release|Any CPU
		{9A3CCC67-1438-4DBE-AAF8-3408F2FD6E98}.Debug|Any CPU.ActiveCfg = Debug|Any CPU
		{9A3CCC67-1438-4DBE-AAF8-3408F2FD6E98}.Debug|Any CPU.Build.0 = Debug|Any CPU
		{9A3CCC67-1438-4DBE-AAF8-3408F2FD6E98}.Release|Any CPU.ActiveCfg = Release|Any CPU
		{9A3CCC67-1438-4DBE-AAF8-3408F2FD6E98}.Release|Any CPU.Build.0 = Release|Any CPU
		{8E842B83-548A-46FE-8763-7FCB73DFA203}.Debug|Any CPU.ActiveCfg = Debug|Any CPU
		{8E842B83-548A-46FE-8763-7FCB73DFA203}.Debug|Any CPU.Build.0 = Debug|Any CPU
		{8E842B83-548A-46FE-8763-7FCB73DFA203}.Release|Any CPU.ActiveCfg = Release|Any CPU
		{8E842B83-548A-46FE-8763-7FCB73DFA203}.Release|Any CPU.Build.0 = Release|Any CPU
	EndGlobalSection
	GlobalSection(SolutionProperties) = preSolution
		HideSolutionNode = FALSE
	EndGlobalSection
	GlobalSection(ExtensibilityGlobals) = postSolution
		SolutionGuid = {209D8504-9214-4A1E-8261-4434FECD4AEE}
	EndGlobalSection
EndGlobal
